
Microsoft Visual Studio Solution File, Format Version 12.00
# Visual Studio 14
VisualStudioVersion = 14.0.25420.1
MinimumVisualStudioVersion = 10.0.40219.1
Project("{FAE04EC0-301F-11D3-BF4B-00C04F79EFBC}") = "IgniteUIDemo.API", "IgniteUIDemo.API\IgniteUIDemo.API.csproj", "{0BCC2704-CEAB-4850-BFB7-89A3981F19A7}"
EndProject
Project("{FAE04EC0-301F-11D3-BF4B-00C04F79EFBC}") = "IgniteUIDemo.Core", "IgniteUIDemo.Core\IgniteUIDemo.Core.csproj", "{C4537F5C-56D7-4FBD-BA29-08D4575753D1}"
EndProject
Global
	GlobalSection(SolutionConfigurationPlatforms) = preSolution
		Debug|Any CPU = Debug|Any CPU
		Release|Any CPU = Release|Any CPU
	EndGlobalSection
	GlobalSection(ProjectConfigurationPlatforms) = postSolution
		{0BCC2704-CEAB-4850-BFB7-89A3981F19A7}.Debug|Any CPU.ActiveCfg = Debug|Any CPU
		{0BCC2704-CEAB-4850-BFB7-89A3981F19A7}.Debug|Any CPU.Build.0 = Debug|Any CPU
		{0BCC2704-CEAB-4850-BFB7-89A3981F19A7}.Release|Any CPU.ActiveCfg = Release|Any CPU
		{0BCC2704-CEAB-4850-BFB7-89A3981F19A7}.Release|Any CPU.Build.0 = Release|Any CPU
		{C4537F5C-56D7-4FBD-BA29-08D4575753D1}.Debug|Any CPU.ActiveCfg = Debug|Any CPU
		{C4537F5C-56D7-4FBD-BA29-08D4575753D1}.Debug|Any CPU.Build.0 = Debug|Any CPU
		{C4537F5C-56D7-4FBD-BA29-08D4575753D1}.Release|Any CPU.ActiveCfg = Release|Any CPU
		{C4537F5C-56D7-4FBD-BA29-08D4575753D1}.Release|Any CPU.Build.0 = Release|Any CPU
	EndGlobalSection
	GlobalSection(SolutionProperties) = preSolution
		HideSolutionNode = FALSE
	EndGlobalSection
EndGlobal
